GEM
  remote: https://rubygems.org/
  specs:
    addressable (2.5.0)
      public_suffix (~> 2.0, >= 2.0.2)
    domain_name (0.5.20170223)
      unf (>= 0.0.5, < 1.0.0)
    http (2.2.1)
      addressable (~> 2.3)
      http-cookie (~> 1.0)
      http-form_data (~> 1.0.1)
      http_parser.rb (~> 0.6.0)
    http-cookie (1.0.3)
      domain_name (~> 0.5)
    http-form_data (1.0.1)
    http_parser.rb (0.6.0)
    mini_portile2 (2.1.0)
    nokogiri (1.7.1)
      mini_portile2 (~> 2.1.0)
    oauth (0.5.1)
    pg (0.20.0)
    public_suffix (2.0.5)
    rack (2.0.1)
    roda (2.24.0)
      rack
    ruby (0.1.0)
    sequel (4.45.0)
    tilt (2.0.7)
    unf (0.1.4)
      unf_ext
    unf_ext (0.0.7.2)

PLATFORMS
  ruby

DEPENDENCIES
  http
  nokogiri
  oauth
  pg
  rack
  roda
  ruby
  sequel
  tilt

BUNDLED WITH
   1.14.6
